{
  "version": 4,
  "terraform_version": "0.12.30",
  "serial": 60,
  "lineage": "a2571579-8548-b0d7-3d82-e13a053510a0",
  "outputs": {
    "LambdaFunctionComprehendMedical": {
      "value": "arn:aws:lambda:us-east-1:550767824695:function:parse-f677",
      "type": "string"
    },
    "LambdaFunctionExtract": {
      "value": "arn:aws:lambda:us-east-1:550767824695:function:extract-f677",
      "type": "string"
    },
    "LambdaFunctionValidate": {
      "value": "arn:aws:lambda:us-east-1:550767824695:function:validate-f677",
      "type": "string"
    },
    "s3bucket": {
      "value": "arn:aws:s3:::result-f677",
      "type": "string"
    }
  },
  "resources": [
    {
      "mode": "data",
      "type": "aws_caller_identity",
      "name": "current",
      "provider": "provider.aws",
      "instances": [
        {
          "schema_version": 0,
          "attributes": {
            "account_id": "550767824695",
            "arn": "arn:aws:iam::550767824695:user/tdieter-cli",
            "id": "550767824695",
            "user_id": "AIDAI2RGWSNJ3OONWTCYO"
          }
        }
      ]
    },
    {
      "mode": "managed",
      "type": "aws_iam_role",
      "name": "blogrole10",
      "provider": "provider.aws",
      "instances": [
        {
          "schema_version": 0,
          "attributes": {
            "arn": "arn:aws:iam::550767824695:role/iamrole-f677",
            "assume_role_policy": "{\"Version\":\"2012-10-17\",\"Statement\":[{\"Effect\":\"Allow\",\"Principal\":{\"Service\":[\"s3.amazonaws.com\",\"ec2.amazonaws.com\",\"lambda.amazonaws.com\"]},\"Action\":\"sts:AssumeRole\"}]}",
            "create_date": "2021-06-08T00:07:42Z",
            "description": "IAM Role",
            "force_detach_policies": false,
            "id": "iamrole-f677",
            "inline_policy": [
              {
                "name": "",
                "policy": ""
              }
            ],
            "managed_policy_arns": [
              "arn:aws:iam::aws:policy/AWSLambda_FullAccess",
              "arn:aws:iam::aws:policy/AmazonS3FullAccess",
              "arn:aws:iam::aws:policy/AmazonSNSFullAccess",
              "arn:aws:iam::aws:policy/AmazonSQSFullAccess",
              "arn:aws:iam::aws:policy/AmazonTextractFullAccess",
              "arn:aws:iam::aws:policy/CloudWatchFullAccess",
              "arn:aws:iam::aws:policy/ComprehendMedicalFullAccess",
              "arn:aws:iam::aws:policy/service-role/AWSLambdaBasicExecutionRole"
            ],
            "max_session_duration": 3600,
            "name": "iamrole-f677",
            "name_prefix": null,
            "path": "/",
            "permissions_boundary": null,
            "tags": {},
            "unique_id": "AROAYAPCSB437ZH6MBHWK"
          },
          "private": "bnVsbA==",
          "dependencies": [
            "random_id.rando"
          ]
        }
      ]
    },
    {
      "mode": "managed",
      "type": "aws_iam_role_policy_attachment",
      "name": "blogrole10",
      "each": "map",
      "provider": "provider.aws",
      "instances": [
        {
          "index_key": "arn:aws:iam::aws:policy/AWSLambda_FullAccess",
          "schema_version": 0,
          "attributes": {
            "id": "iamrole-f677-20210608000743295500000006",
            "policy_arn": "arn:aws:iam::aws:policy/AWSLambda_FullAccess",
            "role": "iamrole-f677"
          },
          "private": "bnVsbA==",
          "dependencies": [
            "aws_iam_role.blogrole10",
            "random_id.rando"
          ]
        },
        {
          "index_key": "arn:aws:iam::aws:policy/AmazonS3FullAccess",
          "schema_version": 0,
          "attributes": {
            "id": "iamrole-f677-20210608000743271700000003",
            "policy_arn": "arn:aws:iam::aws:policy/AmazonS3FullAccess",
            "role": "iamrole-f677"
          },
          "private": "bnVsbA==",
          "dependencies": [
            "aws_iam_role.blogrole10",
            "random_id.rando"
          ]
        },
        {
          "index_key": "arn:aws:iam::aws:policy/AmazonSNSFullAccess",
          "schema_version": 0,
          "attributes": {
            "id": "iamrole-f677-20210608000743285900000004",
            "policy_arn": "arn:aws:iam::aws:policy/AmazonSNSFullAccess",
            "role": "iamrole-f677"
          },
          "private": "bnVsbA==",
          "dependencies": [
            "aws_iam_role.blogrole10",
            "random_id.rando"
          ]
        },
        {
          "index_key": "arn:aws:iam::aws:policy/AmazonSQSFullAccess",
          "schema_version": 0,
          "attributes": {
            "id": "iamrole-f677-20210608000743292100000005",
            "policy_arn": "arn:aws:iam::aws:policy/AmazonSQSFullAccess",
            "role": "iamrole-f677"
          },
          "private": "bnVsbA==",
          "dependencies": [
            "aws_iam_role.blogrole10",
            "random_id.rando"
          ]
        },
        {
          "index_key": "arn:aws:iam::aws:policy/AmazonTextractFullAccess",
          "schema_version": 0,
          "attributes": {
            "id": "iamrole-f677-20210608000743332600000008",
            "policy_arn": "arn:aws:iam::aws:policy/AmazonTextractFullAccess",
            "role": "iamrole-f677"
          },
          "private": "bnVsbA==",
          "dependencies": [
            "aws_iam_role.blogrole10",
            "random_id.rando"
          ]
        },
        {
          "index_key": "arn:aws:iam::aws:policy/CloudWatchFullAccess",
          "schema_version": 0,
          "attributes": {
            "id": "iamrole-f677-20210608000743265400000002",
            "policy_arn": "arn:aws:iam::aws:policy/CloudWatchFullAccess",
            "role": "iamrole-f677"
          },
          "private": "bnVsbA==",
          "dependencies": [
            "aws_iam_role.blogrole10",
            "random_id.rando"
          ]
        },
        {
          "index_key": "arn:aws:iam::aws:policy/ComprehendMedicalFullAccess",
          "schema_version": 0,
          "attributes": {
            "id": "iamrole-f677-20210608000743301300000007",
            "policy_arn": "arn:aws:iam::aws:policy/ComprehendMedicalFullAccess",
            "role": "iamrole-f677"
          },
          "private": "bnVsbA==",
          "dependencies": [
            "aws_iam_role.blogrole10",
            "random_id.rando"
          ]
        },
        {
          "index_key": "arn:aws:iam::aws:policy/service-role/AWSLambdaBasicExecutionRole",
          "schema_version": 0,
          "attributes": {
            "id": "iamrole-f677-20210608000743258400000001",
            "policy_arn": "arn:aws:iam::aws:policy/service-role/AWSLambdaBasicExecutionRole",
            "role": "iamrole-f677"
          },
          "private": "bnVsbA==",
          "dependencies": [
            "aws_iam_role.blogrole10",
            "random_id.rando"
          ]
        }
      ]
    },
    {
      "mode": "managed",
      "type": "aws_lambda_event_source_mapping",
      "name": "queue",
      "provider": "provider.aws",
      "instances": [
        {
          "schema_version": 0,
          "attributes": {
            "batch_size": 10,
            "bisect_batch_on_function_error": false,
            "destination_config": [],
            "enabled": true,
            "event_source_arn": "arn:aws:sqs:us-east-1:550767824695:queue-f677",
            "function_arn": "arn:aws:lambda:us-east-1:550767824695:function:validate-f677",
            "function_name": "arn:aws:lambda:us-east-1:550767824695:function:validate-f677",
            "id": "cdb7e0af-8835-4811-8b3b-733938fa1a3b",
            "last_modified": "2021-06-08T00:42:24Z",
            "last_processing_result": "",
            "maximum_batching_window_in_seconds": 0,
            "maximum_record_age_in_seconds": 0,
            "maximum_retry_attempts": 0,
            "parallelization_factor": 0,
            "starting_position": null,
            "starting_position_timestamp": null,
            "state": "Enabled",
            "state_transition_reason": "USER_INITIATED",
            "topics": [],
            "uuid": "cdb7e0af-8835-4811-8b3b-733938fa1a3b"
          },
          "private": "bnVsbA==",
          "dependencies": [
            "aws_lambda_function.validate",
            "aws_sqs_queue.ALLEQUEUE"
          ]
        }
      ]
    },
    {
      "mode": "managed",
      "type": "aws_lambda_function",
      "name": "extract",
      "provider": "provider.aws",
      "instances": [
        {
          "schema_version": 0,
          "attributes": {
            "arn": "arn:aws:lambda:us-east-1:550767824695:function:extract-f677",
            "code_signing_config_arn": "",
            "dead_letter_config": [],
            "description": "extract lambda function",
            "environment": [
              {
                "variables": {
                  "allqueue": "arn:aws:sqs:us-east-1:550767824695:queue-validate-f677"
                }
              }
            ],
            "file_system_config": [],
            "filename": null,
            "function_name": "extract-f677",
            "handler": "blog-extract.lambda_handler",
            "id": "extract-f677",
            "image_config": [],
            "image_uri": "",
            "invoke_arn": "arn:aws:apigateway:us-east-1:lambda:path/2015-03-31/functions/arn:aws:lambda:us-east-1:550767824695:function:extract-f677/invocations",
            "kms_key_arn": "",
            "last_modified": "2021-06-08T00:42:24.763+0000",
            "layers": [],
            "memory_size": 128,
            "package_type": "Zip",
            "publish": false,
            "qualified_arn": "arn:aws:lambda:us-east-1:550767824695:function:extract-f677:$LATEST",
            "reserved_concurrent_executions": -1,
            "role": "arn:aws:iam::550767824695:role/iamrole-f677",
            "runtime": "python3.7",
            "s3_bucket": "result1-f677",
            "s3_key": "extract-queue.zip",
            "s3_object_version": null,
            "signing_job_arn": "",
            "signing_profile_version_arn": "",
            "source_code_hash": "obwVGNQHTbWKDG2GQwkEiXyFJfPGbiW0H6kp2UvgCJU=",
            "source_code_size": 1512,
            "tags": {},
            "timeout": 120,
            "timeouts": null,
            "tracing_config": [
              {
                "mode": "PassThrough"
              }
            ],
            "version": "$LATEST",
            "vpc_config": []
          },
          "private": "eyJlMmJmYjczMC1lY2FhLTExZTYtOGY4OC0zNDM2M2JjN2M0YzAiOnsiY3JlYXRlIjo2MDAwMDAwMDAwMDB9fQ==",
          "dependencies": [
            "aws_iam_role.blogrole10",
            "aws_s3_bucket.resultbucket1",
            "aws_sqs_queue.VALIDATEQUEUE",
            "random_id.rando"
          ]
        }
      ]
    },
    {
      "mode": "managed",
      "type": "aws_lambda_function",
      "name": "parse",
      "provider": "provider.aws",
      "instances": [
        {
          "schema_version": 0,
          "attributes": {
            "arn": "arn:aws:lambda:us-east-1:550767824695:function:parse-f677",
            "code_signing_config_arn": "",
            "dead_letter_config": [],
            "description": "parse lambda function",
            "environment": [],
            "file_system_config": [],
            "filename": null,
            "function_name": "parse-f677",
            "handler": "blog-parse.lambda_handler",
            "id": "parse-f677",
            "image_config": [],
            "image_uri": "",
            "invoke_arn": "arn:aws:apigateway:us-east-1:lambda:path/2015-03-31/functions/arn:aws:lambda:us-east-1:550767824695:function:parse-f677/invocations",
            "kms_key_arn": "",
            "last_modified": "2021-06-08T00:42:31.390+0000",
            "layers": [],
            "memory_size": 128,
            "package_type": "Zip",
            "publish": false,
            "qualified_arn": "arn:aws:lambda:us-east-1:550767824695:function:parse-f677:$LATEST",
            "reserved_concurrent_executions": -1,
            "role": "arn:aws:iam::550767824695:role/iamrole-f677",
            "runtime": "python3.7",
            "s3_bucket": "result1-f677",
            "s3_key": "parse-desc.zip",
            "s3_object_version": null,
            "signing_job_arn": "",
            "signing_profile_version_arn": "",
            "source_code_hash": "xm8t1Les23hI0sIIuKCxfsQkcPgS9M0wPGOPNnWmbVs=",
            "source_code_size": 1005,
            "tags": {},
            "timeout": 120,
            "timeouts": null,
            "tracing_config": [
              {
                "mode": "PassThrough"
              }
            ],
            "version": "$LATEST",
            "vpc_config": []
          },
          "private": "eyJlMmJmYjczMC1lY2FhLTExZTYtOGY4OC0zNDM2M2JjN2M0YzAiOnsiY3JlYXRlIjo2MDAwMDAwMDAwMDB9fQ==",
          "dependencies": [
            "aws_iam_role.blogrole10",
            "aws_s3_bucket.resultbucket1",
            "random_id.rando"
          ]
        }
      ]
    },
    {
      "mode": "managed",
      "type": "aws_lambda_function",
      "name": "upload",
      "provider": "provider.aws",
      "instances": [
        {
          "schema_version": 0,
          "attributes": {
            "arn": "arn:aws:lambda:us-east-1:550767824695:function:inventory-f677",
            "code_signing_config_arn": "",
            "dead_letter_config": [],
            "description": "Upload",
            "environment": [],
            "file_system_config": [],
            "filename": "inventory/upload.zip",
            "function_name": "inventory-f677",
            "handler": "index.lambda_handler",
            "id": "inventory-f677",
            "image_config": [],
            "image_uri": "",
            "invoke_arn": "arn:aws:apigateway:us-east-1:lambda:path/2015-03-31/functions/arn:aws:lambda:us-east-1:550767824695:function:inventory-f677/invocations",
            "kms_key_arn": "",
            "last_modified": "2021-06-08T00:36:05.496+0000",
            "layers": [],
            "memory_size": 128,
            "package_type": "Zip",
            "publish": false,
            "qualified_arn": "arn:aws:lambda:us-east-1:550767824695:function:inventory-f677:$LATEST",
            "reserved_concurrent_executions": -1,
            "role": "arn:aws:iam::550767824695:role/iamrole-f677",
            "runtime": "python3.7",
            "s3_bucket": null,
            "s3_key": null,
            "s3_object_version": null,
            "signing_job_arn": "",
            "signing_profile_version_arn": "",
            "source_code_hash": "HptXUtEdQ16d/tmHY7rPDChBKwekufZ2XWAVLm0POQo=",
            "source_code_size": 634,
            "tags": {},
            "timeout": 180,
            "timeouts": null,
            "tracing_config": [
              {
                "mode": "PassThrough"
              }
            ],
            "version": "$LATEST",
            "vpc_config": []
          },
          "private": "eyJlMmJmYjczMC1lY2FhLTExZTYtOGY4OC0zNDM2M2JjN2M0YzAiOnsiY3JlYXRlIjo2MDAwMDAwMDAwMDB9fQ==",
          "dependencies": [
            "aws_iam_role.blogrole10",
            "random_id.rando"
          ]
        }
      ]
    },
    {
      "mode": "managed",
      "type": "aws_lambda_function",
      "name": "validate",
      "provider": "provider.aws",
      "instances": [
        {
          "schema_version": 0,
          "attributes": {
            "arn": "arn:aws:lambda:us-east-1:550767824695:function:validate-f677",
            "code_signing_config_arn": "",
            "dead_letter_config": [],
            "description": "validate lambda function",
            "environment": [
              {
                "variables": {
                  "invalidqueue": "arn:aws:sqs:us-east-1:550767824695:queue-invalidate-f677",
                  "invalidsns": "arn:aws:sns:us-east-1:550767824695:sns-f677",
                  "resultbucket": "result-f677"
                }
              }
            ],
            "file_system_config": [],
            "filename": null,
            "function_name": "validate-f677",
            "handler": "blog-validate.lambda_handler",
            "id": "validate-f677",
            "image_config": [],
            "image_uri": "",
            "invoke_arn": "arn:aws:apigateway:us-east-1:lambda:path/2015-03-31/functions/arn:aws:lambda:us-east-1:550767824695:function:validate-f677/invocations",
            "kms_key_arn": "",
            "last_modified": "2021-06-08T00:36:05.644+0000",
            "layers": [],
            "memory_size": 128,
            "package_type": "Zip",
            "publish": false,
            "qualified_arn": "arn:aws:lambda:us-east-1:550767824695:function:validate-f677:$LATEST",
            "reserved_concurrent_executions": -1,
            "role": "arn:aws:iam::550767824695:role/iamrole-f677",
            "runtime": "python3.7",
            "s3_bucket": "result1-f677",
            "s3_key": "validate.zip",
            "s3_object_version": null,
            "signing_job_arn": "",
            "signing_profile_version_arn": "",
            "source_code_hash": "VFpdil1wYC/v5nyfD28cSjX6mBiEr5THJGzBpq0juv0=",
            "source_code_size": 1150,
            "tags": {},
            "timeout": 120,
            "timeouts": null,
            "tracing_config": [
              {
                "mode": "PassThrough"
              }
            ],
            "version": "$LATEST",
            "vpc_config": []
          },
          "private": "eyJlMmJmYjczMC1lY2FhLTExZTYtOGY4OC0zNDM2M2JjN2M0YzAiOnsiY3JlYXRlIjo2MDAwMDAwMDAwMDB9fQ==",
          "dependencies": [
            "aws_iam_role.blogrole10",
            "aws_s3_bucket.resultbucket",
            "aws_s3_bucket.resultbucket1",
            "aws_sns_topic.snstopic",
            "aws_sqs_queue.INVALIDATEQUEUE",
            "random_id.rando"
          ]
        }
      ]
    },
    {
      "mode": "managed",
      "type": "aws_lambda_permission",
      "name": "bucketpermission",
      "provider": "provider.aws",
      "instances": [
        {
          "schema_version": 0,
          "attributes": {
            "action": "lambda:InvokeFunction",
            "event_source_token": "",
            "function_name": "arn:aws:lambda:us-east-1:550767824695:function:parse-f677",
            "id": "terraform-20210608004231073200000001",
            "principal": "s3.amazonaws.com",
            "qualifier": "",
            "source_account": "550767824695",
            "source_arn": "arn:aws:s3:::result-f677",
            "statement_id": "terraform-20210608004231073200000001",
            "statement_id_prefix": null
          },
          "private": "bnVsbA==",
          "dependencies": [
            "aws_iam_role.blogrole10",
            "aws_lambda_function.parse",
            "aws_s3_bucket.resultbucket",
            "aws_s3_bucket.resultbucket1",
            "random_id.rando"
          ]
        }
      ]
    },
    {
      "mode": "managed",
      "type": "aws_s3_bucket",
      "name": "resultbucket",
      "provider": "provider.aws",
      "instances": [
        {
          "schema_version": 0,
          "attributes": {
            "acceleration_status": "",
            "acl": "private",
            "arn": "arn:aws:s3:::result-f677",
            "bucket": "result-f677",
            "bucket_domain_name": "result-f677.s3.amazonaws.com",
            "bucket_prefix": null,
            "bucket_regional_domain_name": "result-f677.s3.amazonaws.com",
            "cors_rule": [],
            "force_destroy": false,
            "grant": [],
            "hosted_zone_id": "Z3AQBSTGFYJSTF",
            "id": "result-f677",
            "lifecycle_rule": [],
            "logging": [],
            "object_lock_configuration": [],
            "policy": null,
            "region": "us-east-1",
            "replication_configuration": [],
            "request_payer": "BucketOwner",
            "server_side_encryption_configuration": [
              {
                "rule": [
                  {
                    "apply_server_side_encryption_by_default": [
                      {
                        "kms_master_key_id": "",
                        "sse_algorithm": "AES256"
                      }
                    ],
                    "bucket_key_enabled": false
                  }
                ]
              }
            ],
            "tags": {},
            "versioning": [
              {
                "enabled": true,
                "mfa_delete": false
              }
            ],
            "website": [],
            "website_domain": null,
            "website_endpoint": null
          },
          "private": "bnVsbA==",
          "dependencies": [
            "random_id.rando"
          ]
        }
      ]
    },
    {
      "mode": "managed",
      "type": "aws_s3_bucket",
      "name": "resultbucket1",
      "provider": "provider.aws",
      "instances": [
        {
          "schema_version": 0,
          "attributes": {
            "acceleration_status": "",
            "acl": "private",
            "arn": "arn:aws:s3:::result1-f677",
            "bucket": "result1-f677",
            "bucket_domain_name": "result1-f677.s3.amazonaws.com",
            "bucket_prefix": null,
            "bucket_regional_domain_name": "result1-f677.s3.amazonaws.com",
            "cors_rule": [],
            "force_destroy": false,
            "grant": [],
            "hosted_zone_id": "Z3AQBSTGFYJSTF",
            "id": "result1-f677",
            "lifecycle_rule": [],
            "logging": [],
            "object_lock_configuration": [],
            "policy": null,
            "region": "us-east-1",
            "replication_configuration": [],
            "request_payer": "BucketOwner",
            "server_side_encryption_configuration": [
              {
                "rule": [
                  {
                    "apply_server_side_encryption_by_default": [
                      {
                        "kms_master_key_id": "",
                        "sse_algorithm": "AES256"
                      }
                    ],
                    "bucket_key_enabled": false
                  }
                ]
              }
            ],
            "tags": {},
            "versioning": [
              {
                "enabled": true,
                "mfa_delete": false
              }
            ],
            "website": [],
            "website_domain": null,
            "website_endpoint": null
          },
          "private": "bnVsbA==",
          "dependencies": [
            "random_id.rando"
          ]
        }
      ]
    },
    {
      "mode": "managed",
      "type": "aws_s3_bucket_object",
      "name": "extract-queue",
      "provider": "provider.aws",
      "instances": [
        {
          "schema_version": 0,
          "attributes": {
            "acl": "private",
            "bucket": "result1-f677",
            "bucket_key_enabled": false,
            "cache_control": "",
            "content": null,
            "content_base64": null,
            "content_disposition": "",
            "content_encoding": "",
            "content_language": "",
            "content_type": "binary/octet-stream",
            "etag": "4b342277e27f0d3af63486e460971305",
            "force_destroy": false,
            "id": "extract-queue.zip",
            "key": "extract-queue.zip",
            "kms_key_id": null,
            "metadata": {},
            "object_lock_legal_hold_status": "",
            "object_lock_mode": "",
            "object_lock_retain_until_date": "",
            "server_side_encryption": "AES256",
            "source": "inventory/extract-queue.zip",
            "storage_class": "STANDARD",
            "tags": {},
            "version_id": "Yy6PpjFwQUF.Rnxkxl6MueW4cYZ.B_bk",
            "website_redirect": ""
          },
          "private": "bnVsbA==",
          "dependencies": [
            "aws_s3_bucket.resultbucket1",
            "random_id.rando"
          ]
        }
      ]
    },
    {
      "mode": "managed",
      "type": "aws_s3_bucket_object",
      "name": "parse-desc",
      "provider": "provider.aws",
      "instances": [
        {
          "schema_version": 0,
          "attributes": {
            "acl": "private",
            "bucket": "result1-f677",
            "bucket_key_enabled": false,
            "cache_control": "",
            "content": null,
            "content_base64": null,
            "content_disposition": "",
            "content_encoding": "",
            "content_language": "",
            "content_type": "binary/octet-stream",
            "etag": "c6e08942cf3dabd46417e2487e08a01e",
            "force_destroy": false,
            "id": "parse-desc.zip",
            "key": "parse-desc.zip",
            "kms_key_id": null,
            "metadata": {},
            "object_lock_legal_hold_status": "",
            "object_lock_mode": "",
            "object_lock_retain_until_date": "",
            "server_side_encryption": "AES256",
            "source": "inventory/parse-desc.zip",
            "storage_class": "STANDARD",
            "tags": {},
            "version_id": "VH1ee3P9sRw0BMfIP9n9JstNBgZoWMr6",
            "website_redirect": ""
          },
          "private": "bnVsbA==",
          "dependencies": [
            "aws_s3_bucket.resultbucket1",
            "random_id.rando"
          ]
        }
      ]
    },
    {
      "mode": "managed",
      "type": "aws_s3_bucket_object",
      "name": "validate",
      "provider": "provider.aws",
      "instances": [
        {
          "schema_version": 0,
          "attributes": {
            "acl": "private",
            "bucket": "result1-f677",
            "bucket_key_enabled": false,
            "cache_control": "",
            "content": null,
            "content_base64": null,
            "content_disposition": "",
            "content_encoding": "",
            "content_language": "",
            "content_type": "binary/octet-stream",
            "etag": "6703d0abdabdc85d473d543ab831aa89",
            "force_destroy": false,
            "id": "validate.zip",
            "key": "validate.zip",
            "kms_key_id": null,
            "metadata": {},
            "object_lock_legal_hold_status": "",
            "object_lock_mode": "",
            "object_lock_retain_until_date": "",
            "server_side_encryption": "AES256",
            "source": "inventory/validate.zip",
            "storage_class": "STANDARD",
            "tags": {},
            "version_id": "Z4YpAsYh34xP6g563GXnbxdp1iwaxpVn",
            "website_redirect": ""
          },
          "private": "bnVsbA==",
          "dependencies": [
            "aws_s3_bucket.resultbucket1",
            "random_id.rando"
          ]
        }
      ]
    },
    {
      "mode": "managed",
      "type": "aws_s3_bucket_public_access_block",
      "name": "result-block-public",
      "provider": "provider.aws",
      "instances": [
        {
          "schema_version": 0,
          "attributes": {
            "block_public_acls": true,
            "block_public_policy": true,
            "bucket": "result-f677",
            "id": "result-f677",
            "ignore_public_acls": true,
            "restrict_public_buckets": true
          },
          "private": "bnVsbA==",
          "dependencies": [
            "aws_s3_bucket.resultbucket"
          ]
        }
      ]
    },
    {
      "mode": "managed",
      "type": "aws_s3_bucket_public_access_block",
      "name": "result1-block-public",
      "provider": "provider.aws",
      "instances": [
        {
          "schema_version": 0,
          "attributes": {
            "block_public_acls": true,
            "block_public_policy": true,
            "bucket": "result1-f677",
            "id": "result1-f677",
            "ignore_public_acls": true,
            "restrict_public_buckets": true
          },
          "private": "bnVsbA==",
          "dependencies": [
            "aws_s3_bucket.resultbucket1",
            "random_id.rando"
          ]
        }
      ]
    },
    {
      "mode": "managed",
      "type": "aws_sns_topic",
      "name": "snstopic",
      "provider": "provider.aws",
      "instances": [
        {
          "schema_version": 0,
          "attributes": {
            "application_failure_feedback_role_arn": "",
            "application_success_feedback_role_arn": "",
            "application_success_feedback_sample_rate": null,
            "arn": "arn:aws:sns:us-east-1:550767824695:sns-f677",
            "content_based_deduplication": false,
            "delivery_policy": "",
            "display_name": "",
            "fifo_topic": false,
            "http_failure_feedback_role_arn": "",
            "http_success_feedback_role_arn": "",
            "http_success_feedback_sample_rate": null,
            "id": "arn:aws:sns:us-east-1:550767824695:sns-f677",
            "kms_master_key_id": "",
            "lambda_failure_feedback_role_arn": "",
            "lambda_success_feedback_role_arn": "",
            "lambda_success_feedback_sample_rate": null,
            "name": "sns-f677",
            "name_prefix": "",
            "policy": "{\"Version\":\"2008-10-17\",\"Id\":\"__default_policy_ID\",\"Statement\":[{\"Sid\":\"__default_statement_ID\",\"Effect\":\"Allow\",\"Principal\":{\"AWS\":\"*\"},\"Action\":[\"SNS:GetTopicAttributes\",\"SNS:SetTopicAttributes\",\"SNS:AddPermission\",\"SNS:RemovePermission\",\"SNS:DeleteTopic\",\"SNS:Subscribe\",\"SNS:ListSubscriptionsByTopic\",\"SNS:Publish\",\"SNS:Receive\"],\"Resource\":\"arn:aws:sns:us-east-1:550767824695:sns-f677\",\"Condition\":{\"StringEquals\":{\"AWS:SourceOwner\":\"550767824695\"}}}]}",
            "sqs_failure_feedback_role_arn": "",
            "sqs_success_feedback_role_arn": "",
            "sqs_success_feedback_sample_rate": null,
            "tags": {}
          },
          "private": "bnVsbA==",
          "dependencies": [
            "random_id.rando"
          ]
        }
      ]
    },
    {
      "mode": "managed",
      "type": "aws_sns_topic_subscription",
      "name": "emailsub",
      "provider": "provider.aws",
      "instances": [
        {
          "schema_version": 0,
          "attributes": {
            "arn": "arn:aws:sns:us-east-1:550767824695:sns-f677:95203e86-e42d-46a7-9bc7-b5b6f69277a6",
            "confirmation_timeout_in_minutes": 1,
            "confirmation_was_authenticated": false,
            "delivery_policy": "",
            "endpoint": "troydieter@gmail.com",
            "endpoint_auto_confirms": false,
            "filter_policy": "",
            "id": "arn:aws:sns:us-east-1:550767824695:sns-f677:95203e86-e42d-46a7-9bc7-b5b6f69277a6",
            "owner_id": "550767824695",
            "pending_confirmation": true,
            "protocol": "email",
            "raw_message_delivery": false,
            "redrive_policy": "",
            "subscription_role_arn": "",
            "topic_arn": "arn:aws:sns:us-east-1:550767824695:sns-f677"
          },
          "private": "bnVsbA==",
          "dependencies": [
            "aws_sns_topic.snstopic",
            "random_id.rando"
          ]
        }
      ]
    },
    {
      "mode": "managed",
      "type": "aws_sqs_queue",
      "name": "ALLEQUEUE",
      "provider": "provider.aws",
      "instances": [
        {
          "schema_version": 0,
          "attributes": {
            "arn": "arn:aws:sqs:us-east-1:550767824695:queue-f677",
            "content_based_deduplication": false,
            "delay_seconds": 0,
            "fifo_queue": false,
            "id": "https://sqs.us-east-1.amazonaws.com/550767824695/queue-f677",
            "kms_data_key_reuse_period_seconds": 300,
            "kms_master_key_id": "",
            "max_message_size": 262144,
            "message_retention_seconds": 345600,
            "name": "queue-f677",
            "name_prefix": "",
            "policy": "",
            "receive_wait_time_seconds": 0,
            "redrive_policy": "",
            "tags": {},
            "visibility_timeout_seconds": 240
          },
          "private": "bnVsbA==",
          "dependencies": [
            "random_id.rando"
          ]
        }
      ]
    },
    {
      "mode": "managed",
      "type": "aws_sqs_queue",
      "name": "INVALIDATEQUEUE",
      "provider": "provider.aws",
      "instances": [
        {
          "schema_version": 0,
          "attributes": {
            "arn": "arn:aws:sqs:us-east-1:550767824695:queue-invalidate-f677",
            "content_based_deduplication": false,
            "delay_seconds": 0,
            "fifo_queue": false,
            "id": "https://sqs.us-east-1.amazonaws.com/550767824695/queue-invalidate-f677",
            "kms_data_key_reuse_period_seconds": 300,
            "kms_master_key_id": "",
            "max_message_size": 262144,
            "message_retention_seconds": 345600,
            "name": "queue-invalidate-f677",
            "name_prefix": "",
            "policy": "",
            "receive_wait_time_seconds": 0,
            "redrive_policy": "",
            "tags": {},
            "visibility_timeout_seconds": 30
          },
          "private": "bnVsbA==",
          "dependencies": [
            "random_id.rando"
          ]
        }
      ]
    },
    {
      "mode": "managed",
      "type": "aws_sqs_queue",
      "name": "VALIDATEQUEUE",
      "provider": "provider.aws",
      "instances": [
        {
          "schema_version": 0,
          "attributes": {
            "arn": "arn:aws:sqs:us-east-1:550767824695:queue-validate-f677",
            "content_based_deduplication": false,
            "delay_seconds": 0,
            "fifo_queue": false,
            "id": "https://sqs.us-east-1.amazonaws.com/550767824695/queue-validate-f677",
            "kms_data_key_reuse_period_seconds": 300,
            "kms_master_key_id": "",
            "max_message_size": 262144,
            "message_retention_seconds": 345600,
            "name": "queue-validate-f677",
            "name_prefix": "",
            "policy": "",
            "receive_wait_time_seconds": 0,
            "redrive_policy": "",
            "tags": {},
            "visibility_timeout_seconds": 240
          },
          "private": "bnVsbA==",
          "dependencies": [
            "random_id.rando"
          ]
        }
      ]
    },
    {
      "mode": "managed",
      "type": "random_id",
      "name": "rando",
      "provider": "provider.random",
      "instances": [
        {
          "schema_version": 0,
          "attributes": {
            "b64_std": "9nc=",
            "b64_url": "9nc",
            "byte_length": 2,
            "dec": "63095",
            "hex": "f677",
            "id": "9nc",
            "keepers": null,
            "prefix": null
          },
          "private": "bnVsbA=="
        }
      ]
    }
  ]
}
